
Microsoft Visual Studio Solution File, Format Version 12.00
# Visual Studio Version 17
VisualStudioVersion = 17.1.32319.34
MinimumVisualStudioVersion = 10.0.40219.1
Project("{2150E333-8FDC-42A3-9474-1A3956D46DE8}") = "Solution Items", "Solution Items", "{A74ED8CF-1BC8-45BA-897F-C8D9FBC17D21}"
	ProjectSection(SolutionItems) = preProject
		.gitattributes = .gitattributes
		.gitignore = .gitignore
		README.md = README.md
	EndProjectSection
EndProject
Project("{FAE04EC0-301F-11D3-BF4B-00C04F79EFBC}") = "SAML.PoC.IdP", "SAML.PoC.IdP\SAML.PoC.IdP.csproj", "{D076A67C-B7B3-4B2C-8896-4F6D50BFF5A2}"
EndProject
Global
	GlobalSection(SolutionConfigurationPlatforms) = preSolution
		Debug|Any CPU = Debug|Any CPU
		Release|Any CPU = Release|Any CPU
	EndGlobalSection
	GlobalSection(ProjectConfigurationPlatforms) = postSolution
		{D076A67C-B7B3-4B2C-8896-4F6D50BFF5A2}.Debug|Any CPU.ActiveCfg = Debug|Any CPU
		{D076A67C-B7B3-4B2C-8896-4F6D50BFF5A2}.Debug|Any CPU.Build.0 = Debug|Any CPU
		{D076A67C-B7B3-4B2C-8896-4F6D50BFF5A2}.Release|Any CPU.ActiveCfg = Release|Any CPU
		{D076A67C-B7B3-4B2C-8896-4F6D50BFF5A2}.Release|Any CPU.Build.0 = Release|Any CPU
	EndGlobalSection
	GlobalSection(SolutionProperties) = preSolution
		HideSolutionNode = FALSE
	EndGlobalSection
	GlobalSection(ExtensibilityGlobals) = postSolution
		SolutionGuid = {1D7C4B3E-5E75-444E-B64E-E4A51620C733}
	EndGlobalSection
EndGlobal
